
Microsoft Visual Studio Solution File, Format Version 12.00
# Visual Studio Version 17
VisualStudioVersion = 17.9.34714.143
MinimumVisualStudioVersion = 10.0.40219.1
Project("{FAE04EC0-301F-11D3-BF4B-00C04F79EFBC}") = "20240509_1", "20240509_1\20240509_1.csproj", "{C1F22847-7C71-40E9-93E1-2C5CE7802D5C}"
EndProject
Global
	GlobalSection(SolutionConfigurationPlatforms) = preSolution
		Debug|Any CPU = Debug|Any CPU
		Release|Any CPU = Release|Any CPU
	EndGlobalSection
	GlobalSection(ProjectConfigurationPlatforms) = postSolution
		{C1F22847-7C71-40E9-93E1-2C5CE7802D5C}.Debug|Any CPU.ActiveCfg = Debug|Any CPU
		{C1F22847-7C71-40E9-93E1-2C5CE7802D5C}.Debug|Any CPU.Build.0 = Debug|Any CPU
		{C1F22847-7C71-40E9-93E1-2C5CE7802D5C}.Release|Any CPU.ActiveCfg = Release|Any CPU
		{C1F22847-7C71-40E9-93E1-2C5CE7802D5C}.Release|Any CPU.Build.0 = Release|Any CPU
	EndGlobalSection
	GlobalSection(SolutionProperties) = preSolution
		HideSolutionNode = FALSE
	EndGlobalSection
	GlobalSection(ExtensibilityGlobals) = postSolution
		SolutionGuid = {440E8F48-26D5-46B5-82CB-9EA2059C6494}
	EndGlobalSection
EndGlobal
